// !$*UTF8*$!
{
	archiveVersion = 1;
	classes = {
	};
	objectVersion = 46;
	objects = {

/* Begin PBXBuildFile section */
		5FFC6E75242A030800D0B27F /* sortMovie.c in Sources */ = {isa = PBXBuildFile; fileRef = 5FFC6E74242A030800D0B27F /* sortMovie.c */; };
		5FFC6ED4242A15F800D0B27F /* sortMovie.h in CopyFiles */ = {isa = PBXBuildFile; fileRef = 5FFC6E73242A030800D0B27F /* sortMovie.h */; };
/* End PBXBuildFile section */

/* Begin PBXCopyFilesBuildPhase section */
		5FFC6E65242A025400D0B27F /* CopyFiles */ = {
			isa = PBXCopyFilesBuildPhase;
			buildActionMask = 2147483647;
			dstPath = "include/$(PRODUCT_NAME)";
			dstSubfolderSpec = 16;
			files = (
				5FFC6ED4242A15F800D0B27F /* sortMovie.h in CopyFiles */,
			);
			runOnlyForDeploymentPostprocessing = 0;
		};
/* End PBXCopyFilesBuildPhase section */

/* Begin PBXFileReference section */
		5F11843C242B861A00E629F2 /* test_sortMovie.c */ = {isa = PBXFileReference; fileEncoding = 4; lastKnownFileType = sourcecode.c.c; path = test_sortMovie.c; sourceTree = "<group>"; };
		5FFC6E67242A025400D0B27F /* libsortMovie.a */ = {isa = PBXFileReference; explicitFileType = archive.ar; includeInIndex = 0; path = libsortMovie.a; sourceTree = BUILT_PRODUCTS_DIR; };
		5FFC6E73242A030800D0B27F /* sortMovie.h */ = {isa = PBXFileReference; fileEncoding = 4; lastKnownFileType = sourcecode.c.h; path = sortMovie.h; sourceTree = "<group>"; };
		5FFC6E74242A030800D0B27F /* sortMovie.c */ = {isa = PBXFileReference; fileEncoding = 4; lastKnownFileType = sourcecode.c.c; path = sortMovie.c; sourceTree = "<group>"; };
/* End PBXFileReference section */

/* Begin PBXFrameworksBuildPhase section */
		5FFC6E64242A025400D0B27F /* Frameworks */ = {
			isa = PBXFrameworksBuildPhase;
			buildActionMask = 2147483647;
			files = (
			);
			runOnlyForDeploymentPostprocessing = 0;
		};
/* End PBXFrameworksBuildPhase section */

/* Begin PBXGroup section */
		5FFC6E5E242A025400D0B27F = {
			isa = PBXGroup;
			children = (
				5FFC6E69242A025400D0B27F /* sortMovie */,
				5FFC6E68242A025400D0B27F /* Products */,
			);
			sourceTree = "<group>";
		};
		5FFC6E68242A025400D0B27F /* Products */ = {
			isa = PBXGroup;
			children = (
				5FFC6E67242A025400D0B27F /* libsortMovie.a */,
			);
			name = Products;
			sourceTree = "<group>";
		};
		5FFC6E69242A025400D0B27F /* sortMovie */ = {
			isa = PBXGroup;
			children = (
				5FFC6E73242A030800D0B27F /* sortMovie.h */,
				5FFC6E74242A030800D0B27F /* sortMovie.c */,
				5F11843C242B861A00E629F2 /* test_sortMovie.c */,
			);
			path = sortMovie;
			sourceTree = "<group>";
		};
/* End PBXGroup section */

/* Begin PBXNativeTarget section */
		5FFC6E66242A025400D0B27F /* sortMovie */ = {
			isa = PBXNativeTarget;
			buildConfigurationList = 5FFC6E70242A025400D0B27F /* Build configuration list for PBXNativeTarget "sortMovie" */;
			buildPhases = (
				5FFC6E63242A025400D0B27F /* Sources */,
				5FFC6E64242A025400D0B27F /* Frameworks */,
				5FFC6E65242A025400D0B27F /* CopyFiles */,
			);
			buildRules = (
			);
			dependencies = (
			);
			name = sortMovie;
			productName = sortMovie;
			productReference = 5FFC6E67242A025400D0B27F /* libsortMovie.a */;
			productType = "com.apple.product-type.library.static";
		};
/* End PBXNativeTarget section */

/* Begin PBXProject section */
		5FFC6E5F242A025400D0B27F /* Project object */ = {
			isa = PBXProject;
			attributes = {
				LastUpgradeCheck = 0830;
				ORGANIZATIONNAME = "Xiaohui Liang";
				TargetAttributes = {
					5FFC6E66242A025400D0B27F = {
						CreatedOnToolsVersion = 8.3.3;
						DevelopmentTeam = S3V749DTWD;
						ProvisioningStyle = Automatic;
					};
				};
			};
			buildConfigurationList = 5FFC6E62242A025400D0B27F /* Build configuration list for PBXProject "sortMovie" */;
			compatibilityVersion = "Xcode 3.2";
			developmentRegion = English;
			hasScannedForEncodings = 0;
			knownRegions = (
				en,
			);
			mainGroup = 5FFC6E5E242A025400D0B27F;
			productRefGroup = 5FFC6E68242A025400D0B27F /* Products */;
			projectDirPath = "";
			projectRoot = "";
			targets = (
				5FFC6E66242A025400D0B27F /* sortMovie */,
			);
		};
/* End PBXProject section */

/* Begin PBXSourcesBuildPhase section */
		5FFC6E63242A025400D0B27F /* Sources */ = {
			isa = PBXSourcesBuildPhase;
			buildActionMask = 2147483647;
			files = (
				5FFC6E75242A030800D0B27F /* sortMovie.c in Sources */,
			);
			runOnlyForDeploymentPostprocessing = 0;
		};
/* End PBXSourcesBuildPhase section */

/* Begin XCBuildConfiguration section */
		5FFC6E6E242A025400D0B27F /* Debug */ = {
			isa = XCBuildConfiguration;
			buildSettings = {
				ALWAYS_SEARCH_USER_PATHS = NO;
				CLANG_ANALYZER_NONNULL = YES;
				CLANG_ANALYZER_NUMBER_OBJECT_CONVERSION = YES_AGGRESSIVE;
				CLANG_CXX_LANGUAGE_STANDARD = "gnu++0x";
				CLANG_CXX_LIBRARY = "libc++";
				CLANG_ENABLE_MODULES = YES;
				CLANG_ENABLE_OBJC_ARC = YES;
				CLANG_WARN_BOOL_CONVERSION = YES;
				CLANG_WARN_CONSTANT_CONVERSION = YES;
				CLANG_WARN_DIRECT_OBJC_ISA_USAGE = YES_ERROR;
				CLANG_WARN_DOCUMENTATION_COMMENTS = YES;
				CLANG_WARN_EMPTY_BODY = YES;
				CLANG_WARN_ENUM_CONVERSION = YES;
				CLANG_WARN_INFINITE_RECURSION = YES;
				CLANG_WARN_INT_CONVERSION = YES;
				CLANG_WARN_OBJC_ROOT_CLASS = YES_ERROR;
				CLANG_WARN_SUSPICIOUS_MOVE = YES;
				CLANG_WARN_UNREACHABLE_CODE = YES;
				CLANG_WARN__DUPLICATE_METHOD_MATCH = YES;
				"CODE_SIGN_IDENTITY[sdk=iphoneos*]" = "iPhone Developer";
				COPY_PHASE_STRIP = NO;
				DEBUG_INFORMATION_FORMAT = dwarf;
				ENABLE_STRICT_OBJC_MSGSEND = YES;
				ENABLE_TESTABILITY = YES;
				GCC_C_LANGUAGE_STANDARD = gnu99;
				GCC_DYNAMIC_NO_PIC = NO;
				GCC_NO_COMMON_BLOCKS = YES;
				GCC_OPTIMIZATION_LEVEL = 0;
				GCC_PREPROCESSOR_DEFINITIONS = (
					"DEBUG=1",
					"$(inherited)",
				);
				GCC_WARN_64_TO_32_BIT_CONVERSION = YES;
				GCC_WARN_ABOUT_RETURN_TYPE = YES_ERROR;
				GCC_WARN_UNDECLARED_SELECTOR = YES;
				GCC_WARN_UNINITIALIZED_AUTOS = YES_AGGRESSIVE;
				GCC_WARN_UNUSED_FUNCTION = YES;
				GCC_WARN_UNUSED_VARIABLE = YES;
				IPHONEOS_DEPLOYMENT_TARGET = 10.3;
				MTL_ENABLE_DEBUG_INFO = YES;
				ONLY_ACTIVE_ARCH = YES;
				SDKROOT = iphoneos;
			};
			name = Debug;
		};
		5FFC6E6F242A025400D0B27F /* Release */ = {
			isa = XCBuildConfiguration;
			buildSettings = {
				ALWAYS_SEARCH_USER_PATHS = NO;
				CLANG_ANALYZER_NONNULL = YES;
				CLANG_ANALYZER_NUMBER_OBJECT_CONVERSION = YES_AGGRESSIVE;
				CLANG_CXX_LANGUAGE_STANDARD = "gnu++0x";
				CLANG_CXX_LIBRARY = "libc++";
				CLANG_ENABLE_MODULES = YES;
				CLANG_ENABLE_OBJC_ARC = YES;
				CLANG_WARN_BOOL_CONVERSION = YES;
				CLANG_WARN_CONSTANT_CONVERSION = YES;
				CLANG_WARN_DIRECT_OBJC_ISA_USAGE = YES_ERROR;
				CLANG_WARN_DOCUMENTATION_COMMENTS = YES;
				CLANG_WARN_EMPTY_BODY = YES;
				CLANG_WARN_ENUM_CONVERSION = YES;
				CLANG_WARN_INFINITE_RECURSION = YES;
				CLANG_WARN_INT_CONVERSION = YES;
				CLANG_WARN_OBJC_ROOT_CLASS = YES_ERROR;
				CLANG_WARN_SUSPICIOUS_MOVE = YES;
				CLANG_WARN_UNREACHABLE_CODE = YES;
				CLANG_WARN__DUPLICATE_METHOD_MATCH = YES;
				"CODE_SIGN_IDENTITY[sdk=iphoneos*]" = "iPhone Developer";
				COPY_PHASE_STRIP = NO;
				DEBUG_INFORMATION_FORMAT = "dwarf-with-dsym";
				ENABLE_NS_ASSERTIONS = NO;
				ENABLE_STRICT_OBJC_MSGSEND = YES;
				GCC_C_LANGUAGE_STANDARD = gnu99;
				GCC_NO_COMMON_BLOCKS = YES;
				GCC_WARN_64_TO_32_BIT_CONVERSION = YES;
				GCC_WARN_ABOUT_RETURN_TYPE = YES_ERROR;
				GCC_WARN_UNDECLARED_SELECTOR = YES;
				GCC_WARN_UNINITIALIZED_AUTOS = YES_AGGRESSIVE;
				GCC_WARN_UNUSED_FUNCTION = YES;
				GCC_WARN_UNUSED_VARIABLE = YES;
				IPHONEOS_DEPLOYMENT_TARGET = 10.3;
				MTL_ENABLE_DEBUG_INFO = NO;
				SDKROOT = iphoneos;
				VALIDATE_PRODUCT = YES;
			};
			name = Release;
		};
		5FFC6E71242A025400D0B27F /* Debug */ = {
			isa = XCBuildConfiguration;
			buildSettings = {
				DEVELOPMENT_TEAM = S3V749DTWD;
				OTHER_LDFLAGS = "-ObjC";
				PRODUCT_NAME = "$(TARGET_NAME)";
				SKIP_INSTALL = YES;
			};
			name = Debug;
		};
		5FFC6E72242A025400D0B27F /* Release */ = {
			isa = XCBuildConfiguration;
			buildSettings = {
				DEVELOPMENT_TEAM = S3V749DTWD;
				OTHER_LDFLAGS = "-ObjC";
				PRODUCT_NAME = "$(TARGET_NAME)";
				SKIP_INSTALL = YES;
			};
			name = Release;
		};
/* End XCBuildConfiguration section */

/* Begin XCConfigurationList section */
		5FFC6E62242A025400D0B27F /* Build configuration list for PBXProject "sortMovie" */ = {
			isa = XCConfigurationList;
			buildConfigurations = (
				5FFC6E6E242A025400D0B27F /* Debug */,
				5FFC6E6F242A025400D0B27F /* Release */,
			);
			defaultConfigurationIsVisible = 0;
			defaultConfigurationName = Release;
		};
		5FFC6E70242A025400D0B27F /* Build configuration list for PBXNativeTarget "sortMovie" */ = {
			isa = XCConfigurationList;
			buildConfigurations = (
				5FFC6E71242A025400D0B27F /* Debug */,
				5FFC6E72242A025400D0B27F /* Release */,
			);
			defaultConfigurationIsVisible = 0;
			defaultConfigurationName = Release;
		};
/* End XCConfigurationList section */
	};
	rootObject = 5FFC6E5F242A025400D0B27F /* Project object */;
}
