// !$*UTF8*$!
{
	archiveVersion = 1;
	classes = {
	};
	objectVersion = 46;
	objects = {

/* Begin PBXBuildFile section */
		5FFC6EB4242A0E3200D0B27F /* main.m in Sources */ = {isa = PBXBuildFile; fileRef = 5FFC6EB3242A0E3200D0B27F /* main.m */; };
		5FFC6EB7242A0E3200D0B27F /* AppDelegate.m in Sources */ = {isa = PBXBuildFile; fileRef = 5FFC6EB6242A0E3200D0B27F /* AppDelegate.m */; };
		5FFC6EBA242A0E3200D0B27F /* ViewController.m in Sources */ = {isa = PBXBuildFile; fileRef = 5FFC6EB9242A0E3200D0B27F /* ViewController.m */; };
		5FFC6EBD242A0E3200D0B27F /* Main.storyboard in Resources */ = {isa = PBXBuildFile; fileRef = 5FFC6EBB242A0E3200D0B27F /* Main.storyboard */; };
		5FFC6EBF242A0E3200D0B27F /* Assets.xcassets in Resources */ = {isa = PBXBuildFile; fileRef = 5FFC6EBE242A0E3200D0B27F /* Assets.xcassets */; };
		5FFC6EC2242A0E3200D0B27F /* LaunchScreen.storyboard in Resources */ = {isa = PBXBuildFile; fileRef = 5FFC6EC0242A0E3200D0B27F /* LaunchScreen.storyboard */; };
		5FFC6EDC242A192E00D0B27F /* mangeMovie.framework in Embed Frameworks */ = {isa = PBXBuildFile; fileRef = 5FFC6ECC242A10AF00D0B27F /* mangeMovie.framework */; settings = {ATTRIBUTES = (CodeSignOnCopy, RemoveHeadersOnCopy, ); }; };
		5FFC6EDF242A1AA000D0B27F /* mangeMovie.framework in CopyFiles */ = {isa = PBXBuildFile; fileRef = 5FFC6ECC242A10AF00D0B27F /* mangeMovie.framework */; };
/* End PBXBuildFile section */

/* Begin PBXContainerItemProxy section */
		5FFC6EE7242A1F5D00D0B27F /* PBXContainerItemProxy */ = {
			isa = PBXContainerItemProxy;
			containerPortal = 5FFC6EE1242A1F5D00D0B27F /* mangeMovie.xcodeproj */;
			proxyType = 2;
			remoteGlobalIDString = 5FFC6E80242A050100D0B27F;
			remoteInfo = mangeMovie;
		};
		5FFC6EE9242A1F8700D0B27F /* PBXContainerItemProxy */ = {
			isa = PBXContainerItemProxy;
			containerPortal = 5FFC6EE1242A1F5D00D0B27F /* mangeMovie.xcodeproj */;
			proxyType = 1;
			remoteGlobalIDString = 5FFC6E93242A0A4C00D0B27F;
			remoteInfo = dylibMovieList;
		};
		5FFC6EEB242A1F8F00D0B27F /* PBXContainerItemProxy */ = {
			isa = PBXContainerItemProxy;
			containerPortal = 5FFC6EE1242A1F5D00D0B27F /* mangeMovie.xcodeproj */;
			proxyType = 1;
			remoteGlobalIDString = 5FFC6E7F242A050100D0B27F;
			remoteInfo = mangeMovie;
		};
/* End PBXContainerItemProxy section */

/* Begin PBXCopyFilesBuildPhase section */
		5FFC6EDD242A192E00D0B27F /* Embed Frameworks */ = {
			isa = PBXCopyFilesBuildPhase;
			buildActionMask = 2147483647;
			dstPath = "";
			dstSubfolderSpec = 10;
			files = (
				5FFC6EDC242A192E00D0B27F /* mangeMovie.framework in Embed Frameworks */,
			);
			name = "Embed Frameworks";
			runOnlyForDeploymentPostprocessing = 0;
		};
		5FFC6EDE242A1A8700D0B27F /* CopyFiles */ = {
			isa = PBXCopyFilesBuildPhase;
			buildActionMask = 2147483647;
			dstPath = "";
			dstSubfolderSpec = 16;
			files = (
				5FFC6EDF242A1AA000D0B27F /* mangeMovie.framework in CopyFiles */,
			);
			runOnlyForDeploymentPostprocessing = 0;
		};
/* End PBXCopyFilesBuildPhase section */

/* Begin PBXFileReference section */
		5FFC6EAF242A0E3200D0B27F /* MovieList.app */ = {isa = PBXFileReference; explicitFileType = wrapper.application; includeInIndex = 0; path = MovieList.app; sourceTree = BUILT_PRODUCTS_DIR; };
		5FFC6EB3242A0E3200D0B27F /* main.m */ = {isa = PBXFileReference; lastKnownFileType = sourcecode.c.objc; path = main.m; sourceTree = "<group>"; };
		5FFC6EB5242A0E3200D0B27F /* AppDelegate.h */ = {isa = PBXFileReference; lastKnownFileType = sourcecode.c.h; path = AppDelegate.h; sourceTree = "<group>"; };
		5FFC6EB6242A0E3200D0B27F /* AppDelegate.m */ = {isa = PBXFileReference; lastKnownFileType = sourcecode.c.objc; path = AppDelegate.m; sourceTree = "<group>"; };
		5FFC6EB8242A0E3200D0B27F /* ViewController.h */ = {isa = PBXFileReference; lastKnownFileType = sourcecode.c.h; path = ViewController.h; sourceTree = "<group>"; };
		5FFC6EB9242A0E3200D0B27F /* ViewController.m */ = {isa = PBXFileReference; lastKnownFileType = sourcecode.c.objc; path = ViewController.m; sourceTree = "<group>"; };
		5FFC6EBC242A0E3200D0B27F /* Base */ = {isa = PBXFileReference; lastKnownFileType = file.storyboard; name = Base; path = Base.lproj/Main.storyboard; sourceTree = "<group>"; };
		5FFC6EBE242A0E3200D0B27F /* Assets.xcassets */ = {isa = PBXFileReference; lastKnownFileType = folder.assetcatalog; path = Assets.xcassets; sourceTree = "<group>"; };
		5FFC6EC1242A0E3200D0B27F /* Base */ = {isa = PBXFileReference; lastKnownFileType = file.storyboard; name = Base; path = Base.lproj/LaunchScreen.storyboard; sourceTree = "<group>"; };
		5FFC6EC3242A0E3200D0B27F /* Info.plist */ = {isa = PBXFileReference; lastKnownFileType = text.plist.xml; path = Info.plist; sourceTree = "<group>"; };
		5FFC6ECC242A10AF00D0B27F /* mangeMovie.framework */ = {isa = PBXFileReference; lastKnownFileType = wrapper.framework; name = mangeMovie.framework; path = "../../../../../Library/Developer/Xcode/DerivedData/mangeMovie-awkufvygiujoxffeqvzazevwwhov/Build/Products/Debug-iphonesimulator/mangeMovie.framework"; sourceTree = "<group>"; };
		5FFC6ED8242A18F800D0B27F /* mangeMovie.framework */ = {isa = PBXFileReference; lastKnownFileType = wrapper.framework; name = mangeMovie.framework; path = "../../../../../Library/Developer/Xcode/DerivedData/mangeMovie-awkufvygiujoxffeqvzazevwwhov/Build/Products/Debug-iphonesimulator/mangeMovie.framework"; sourceTree = "<group>"; };
		5FFC6EE1242A1F5D00D0B27F /* mangeMovie.xcodeproj */ = {isa = PBXFileReference; lastKnownFileType = "wrapper.pb-project"; name = mangeMovie.xcodeproj; path = ../mangeMovie/mangeMovie.xcodeproj; sourceTree = "<group>"; };
/* End PBXFileReference section */

/* Begin PBXFrameworksBuildPhase section */
		5FFC6EAC242A0E3200D0B27F /* Frameworks */ = {
			isa = PBXFrameworksBuildPhase;
			buildActionMask = 2147483647;
			files = (
			);
			runOnlyForDeploymentPostprocessing = 0;
		};
/* End PBXFrameworksBuildPhase section */

/* Begin PBXGroup section */
		5FFC6EA6242A0E3200D0B27F = {
			isa = PBXGroup;
			children = (
				5FFC6EE1242A1F5D00D0B27F /* mangeMovie.xcodeproj */,
				5FFC6ED8242A18F800D0B27F /* mangeMovie.framework */,
				5FFC6EB1242A0E3200D0B27F /* MovieList */,
				5FFC6EB0242A0E3200D0B27F /* Products */,
				5FFC6ECB242A10AF00D0B27F /* Frameworks */,
			);
			sourceTree = "<group>";
		};
		5FFC6EB0242A0E3200D0B27F /* Products */ = {
			isa = PBXGroup;
			children = (
				5FFC6EAF242A0E3200D0B27F /* MovieList.app */,
			);
			name = Products;
			sourceTree = "<group>";
		};
		5FFC6EB1242A0E3200D0B27F /* MovieList */ = {
			isa = PBXGroup;
			children = (
				5FFC6EB5242A0E3200D0B27F /* AppDelegate.h */,
				5FFC6EB6242A0E3200D0B27F /* AppDelegate.m */,
				5FFC6EB8242A0E3200D0B27F /* ViewController.h */,
				5FFC6EB9242A0E3200D0B27F /* ViewController.m */,
				5FFC6EBB242A0E3200D0B27F /* Main.storyboard */,
				5FFC6EBE242A0E3200D0B27F /* Assets.xcassets */,
				5FFC6EC0242A0E3200D0B27F /* LaunchScreen.storyboard */,
				5FFC6EC3242A0E3200D0B27F /* Info.plist */,
				5FFC6EB2242A0E3200D0B27F /* Supporting Files */,
			);
			path = MovieList;
			sourceTree = "<group>";
		};
		5FFC6EB2242A0E3200D0B27F /* Supporting Files */ = {
			isa = PBXGroup;
			children = (
				5FFC6EB3242A0E3200D0B27F /* main.m */,
			);
			name = "Supporting Files";
			sourceTree = "<group>";
		};
		5FFC6ECB242A10AF00D0B27F /* Frameworks */ = {
			isa = PBXGroup;
			children = (
				5FFC6ECC242A10AF00D0B27F /* mangeMovie.framework */,
			);
			name = Frameworks;
			sourceTree = "<group>";
		};
		5FFC6EE2242A1F5D00D0B27F /* Products */ = {
			isa = PBXGroup;
			children = (
				5FFC6EE8242A1F5D00D0B27F /* mangeMovie.framework */,
			);
			name = Products;
			sourceTree = "<group>";
		};
/* End PBXGroup section */

/* Begin PBXNativeTarget section */
		5FFC6EAE242A0E3200D0B27F /* MovieList */ = {
			isa = PBXNativeTarget;
			buildConfigurationList = 5FFC6EC6242A0E3200D0B27F /* Build configuration list for PBXNativeTarget "MovieList" */;
			buildPhases = (
				5FFC6EAB242A0E3200D0B27F /* Sources */,
				5FFC6EAC242A0E3200D0B27F /* Frameworks */,
				5FFC6EAD242A0E3200D0B27F /* Resources */,
				5FFC6EDD242A192E00D0B27F /* Embed Frameworks */,
				5FFC6EDE242A1A8700D0B27F /* CopyFiles */,
			);
			buildRules = (
			);
			dependencies = (
				5FFC6EEC242A1F8F00D0B27F /* PBXTargetDependency */,
				5FFC6EEA242A1F8700D0B27F /* PBXTargetDependency */,
			);
			name = MovieList;
			productName = MovieList;
			productReference = 5FFC6EAF242A0E3200D0B27F /* MovieList.app */;
			productType = "com.apple.product-type.application";
		};
/* End PBXNativeTarget section */

/* Begin PBXProject section */
		5FFC6EA7242A0E3200D0B27F /* Project object */ = {
			isa = PBXProject;
			attributes = {
				LastUpgradeCheck = 0830;
				ORGANIZATIONNAME = "Xiaohui Liang";
				TargetAttributes = {
					5FFC6EAE242A0E3200D0B27F = {
						CreatedOnToolsVersion = 8.3.3;
						DevelopmentTeam = S3V749DTWD;
						ProvisioningStyle = Automatic;
					};
				};
			};
			buildConfigurationList = 5FFC6EAA242A0E3200D0B27F /* Build configuration list for PBXProject "MovieList" */;
			compatibilityVersion = "Xcode 3.2";
			developmentRegion = English;
			hasScannedForEncodings = 0;
			knownRegions = (
				en,
				Base,
			);
			mainGroup = 5FFC6EA6242A0E3200D0B27F;
			productRefGroup = 5FFC6EB0242A0E3200D0B27F /* Products */;
			projectDirPath = "";
			projectReferences = (
				{
					ProductGroup = 5FFC6EE2242A1F5D00D0B27F /* Products */;
					ProjectRef = 5FFC6EE1242A1F5D00D0B27F /* mangeMovie.xcodeproj */;
				},
			);
			projectRoot = "";
			targets = (
				5FFC6EAE242A0E3200D0B27F /* MovieList */,
			);
		};
/* End PBXProject section */

/* Begin PBXReferenceProxy section */
		5FFC6EE8242A1F5D00D0B27F /* mangeMovie.framework */ = {
			isa = PBXReferenceProxy;
			fileType = wrapper.framework;
			path = mangeMovie.framework;
			remoteRef = 5FFC6EE7242A1F5D00D0B27F /* PBXContainerItemProxy */;
			sourceTree = BUILT_PRODUCTS_DIR;
		};
/* End PBXReferenceProxy section */

/* Begin PBXResourcesBuildPhase section */
		5FFC6EAD242A0E3200D0B27F /* Resources */ = {
			isa = PBXResourcesBuildPhase;
			buildActionMask = 2147483647;
			files = (
				5FFC6EC2242A0E3200D0B27F /* LaunchScreen.storyboard in Resources */,
				5FFC6EBF242A0E3200D0B27F /* Assets.xcassets in Resources */,
				5FFC6EBD242A0E3200D0B27F /* Main.storyboard in Resources */,
			);
			runOnlyForDeploymentPostprocessing = 0;
		};
/* End PBXResourcesBuildPhase section */

/* Begin PBXSourcesBuildPhase section */
		5FFC6EAB242A0E3200D0B27F /* Sources */ = {
			isa = PBXSourcesBuildPhase;
			buildActionMask = 2147483647;
			files = (
				5FFC6EBA242A0E3200D0B27F /* ViewController.m in Sources */,
				5FFC6EB7242A0E3200D0B27F /* AppDelegate.m in Sources */,
				5FFC6EB4242A0E3200D0B27F /* main.m in Sources */,
			);
			runOnlyForDeploymentPostprocessing = 0;
		};
/* End PBXSourcesBuildPhase section */

/* Begin PBXTargetDependency section */
		5FFC6EEA242A1F8700D0B27F /* PBXTargetDependency */ = {
			isa = PBXTargetDependency;
			name = dylibMovieList;
			targetProxy = 5FFC6EE9242A1F8700D0B27F /* PBXContainerItemProxy */;
		};
		5FFC6EEC242A1F8F00D0B27F /* PBXTargetDependency */ = {
			isa = PBXTargetDependency;
			name = mangeMovie;
			targetProxy = 5FFC6EEB242A1F8F00D0B27F /* PBXContainerItemProxy */;
		};
/* End PBXTargetDependency section */

/* Begin PBXVariantGroup section */
		5FFC6EBB242A0E3200D0B27F /* Main.storyboard */ = {
			isa = PBXVariantGroup;
			children = (
				5FFC6EBC242A0E3200D0B27F /* Base */,
			);
			name = Main.storyboard;
			sourceTree = "<group>";
		};
		5FFC6EC0242A0E3200D0B27F /* LaunchScreen.storyboard */ = {
			isa = PBXVariantGroup;
			children = (
				5FFC6EC1242A0E3200D0B27F /* Base */,
			);
			name = LaunchScreen.storyboard;
			sourceTree = "<group>";
		};
/* End PBXVariantGroup section */

/* Begin XCBuildConfiguration section */
		5FFC6EC4242A0E3200D0B27F /* Debug */ = {
			isa = XCBuildConfiguration;
			buildSettings = {
				ALWAYS_SEARCH_USER_PATHS = NO;
				CLANG_ANALYZER_NONNULL = YES;
				CLANG_ANALYZER_NUMBER_OBJECT_CONVERSION = YES_AGGRESSIVE;
				CLANG_CXX_LANGUAGE_STANDARD = "gnu++0x";
				CLANG_CXX_LIBRARY = "libc++";
				CLANG_ENABLE_MODULES = YES;
				CLANG_ENABLE_OBJC_ARC = YES;
				CLANG_WARN_BOOL_CONVERSION = YES;
				CLANG_WARN_CONSTANT_CONVERSION = YES;
				CLANG_WARN_DIRECT_OBJC_ISA_USAGE = YES_ERROR;
				CLANG_WARN_DOCUMENTATION_COMMENTS = YES;
				CLANG_WARN_EMPTY_BODY = YES;
				CLANG_WARN_ENUM_CONVERSION = YES;
				CLANG_WARN_INFINITE_RECURSION = YES;
				CLANG_WARN_INT_CONVERSION = YES;
				CLANG_WARN_OBJC_ROOT_CLASS = YES_ERROR;
				CLANG_WARN_SUSPICIOUS_MOVE = YES;
				CLANG_WARN_UNREACHABLE_CODE = YES;
				CLANG_WARN__DUPLICATE_METHOD_MATCH = YES;
				"CODE_SIGN_IDENTITY[sdk=iphoneos*]" = "iPhone Developer";
				COPY_PHASE_STRIP = NO;
				DEBUG_INFORMATION_FORMAT = dwarf;
				ENABLE_STRICT_OBJC_MSGSEND = YES;
				ENABLE_TESTABILITY = YES;
				GCC_C_LANGUAGE_STANDARD = gnu99;
				GCC_DYNAMIC_NO_PIC = NO;
				GCC_NO_COMMON_BLOCKS = YES;
				GCC_OPTIMIZATION_LEVEL = 0;
				GCC_PREPROCESSOR_DEFINITIONS = (
					"DEBUG=1",
					"$(inherited)",
				);
				GCC_WARN_64_TO_32_BIT_CONVERSION = YES;
				GCC_WARN_ABOUT_RETURN_TYPE = YES_ERROR;
				GCC_WARN_UNDECLARED_SELECTOR = YES;
				GCC_WARN_UNINITIALIZED_AUTOS = YES_AGGRESSIVE;
				GCC_WARN_UNUSED_FUNCTION = YES;
				GCC_WARN_UNUSED_VARIABLE = YES;
				IPHONEOS_DEPLOYMENT_TARGET = 10.3;
				MTL_ENABLE_DEBUG_INFO = YES;
				ONLY_ACTIVE_ARCH = YES;
				SDKROOT = iphoneos;
			};
			name = Debug;
		};
		5FFC6EC5242A0E3200D0B27F /* Release */ = {
			isa = XCBuildConfiguration;
			buildSettings = {
				ALWAYS_SEARCH_USER_PATHS = NO;
				CLANG_ANALYZER_NONNULL = YES;
				CLANG_ANALYZER_NUMBER_OBJECT_CONVERSION = YES_AGGRESSIVE;
				CLANG_CXX_LANGUAGE_STANDARD = "gnu++0x";
				CLANG_CXX_LIBRARY = "libc++";
				CLANG_ENABLE_MODULES = YES;
				CLANG_ENABLE_OBJC_ARC = YES;
				CLANG_WARN_BOOL_CONVERSION = YES;
				CLANG_WARN_CONSTANT_CONVERSION = YES;
				CLANG_WARN_DIRECT_OBJC_ISA_USAGE = YES_ERROR;
				CLANG_WARN_DOCUMENTATION_COMMENTS = YES;
				CLANG_WARN_EMPTY_BODY = YES;
				CLANG_WARN_ENUM_CONVERSION = YES;
				CLANG_WARN_INFINITE_RECURSION = YES;
				CLANG_WARN_INT_CONVERSION = YES;
				CLANG_WARN_OBJC_ROOT_CLASS = YES_ERROR;
				CLANG_WARN_SUSPICIOUS_MOVE = YES;
				CLANG_WARN_UNREACHABLE_CODE = YES;
				CLANG_WARN__DUPLICATE_METHOD_MATCH = YES;
				"CODE_SIGN_IDENTITY[sdk=iphoneos*]" = "iPhone Developer";
				COPY_PHASE_STRIP = NO;
				DEBUG_INFORMATION_FORMAT = "dwarf-with-dsym";
				ENABLE_NS_ASSERTIONS = NO;
				ENABLE_STRICT_OBJC_MSGSEND = YES;
				GCC_C_LANGUAGE_STANDARD = gnu99;
				GCC_NO_COMMON_BLOCKS = YES;
				GCC_WARN_64_TO_32_BIT_CONVERSION = YES;
				GCC_WARN_ABOUT_RETURN_TYPE = YES_ERROR;
				GCC_WARN_UNDECLARED_SELECTOR = YES;
				GCC_WARN_UNINITIALIZED_AUTOS = YES_AGGRESSIVE;
				GCC_WARN_UNUSED_FUNCTION = YES;
				GCC_WARN_UNUSED_VARIABLE = YES;
				IPHONEOS_DEPLOYMENT_TARGET = 10.3;
				MTL_ENABLE_DEBUG_INFO = NO;
				SDKROOT = iphoneos;
				VALIDATE_PRODUCT = YES;
			};
			name = Release;
		};
		5FFC6EC7242A0E3200D0B27F /* Debug */ = {
			isa = XCBuildConfiguration;
			buildSettings = {
				ASSETCATALOG_COMPILER_APPICON_NAME = AppIcon;
				DEVELOPMENT_TEAM = S3V749DTWD;
				FRAMEWORK_SEARCH_PATHS = "~/Library/Developer/Xcode/DerivedData/mangeMovie-awkufvygiujoxffeqvzazevwwhov/Build/Products/Debug-iphonesimulator/";
				HEADER_SEARCH_PATHS = "/Users/xiaohui.liang/Library/Developer/Xcode/DerivedData/mangeMovie-awkufvygiujoxffeqvzazevwwhov/Build/Products/Debug-iphonesimulator/mangeMovie.framework/Headers";
				INFOPLIST_FILE = MovieList/Info.plist;
				LD_RUNPATH_SEARCH_PATHS = "$(inherited) @executable_path/Frameworks";
				LIBRARY_SEARCH_PATHS = "~/Library/Developer/Xcode/DerivedData/mangeMovie-awkufvygiujoxffeqvzazevwwhov/Build/Products/Debug-iphonesimulator/";
				PRODUCT_BUNDLE_IDENTIFIER = liang.com.MovieList;
				PRODUCT_NAME = "$(TARGET_NAME)";
				USER_HEADER_SEARCH_PATHS = "~/Library/Developer/Xcode/DerivedData/mangeMovie-awkufvygiujoxffeqvzazevwwhov/Build/Products/Debug-iphonesimulator/mangeMovie.framework/Headers/";
			};
			name = Debug;
		};
		5FFC6EC8242A0E3200D0B27F /* Release */ = {
			isa = XCBuildConfiguration;
			buildSettings = {
				ASSETCATALOG_COMPILER_APPICON_NAME = AppIcon;
				DEVELOPMENT_TEAM = S3V749DTWD;
				FRAMEWORK_SEARCH_PATHS = "~/Library/Developer/Xcode/DerivedData/mangeMovie-awkufvygiujoxffeqvzazevwwhov/Build/Products/Debug-iphonesimulator/";
				HEADER_SEARCH_PATHS = "/Users/xiaohui.liang/Library/Developer/Xcode/DerivedData/mangeMovie-awkufvygiujoxffeqvzazevwwhov/Build/Products/Debug-iphonesimulator/mangeMovie.framework/Headers";
				INFOPLIST_FILE = MovieList/Info.plist;
				LD_RUNPATH_SEARCH_PATHS = "$(inherited) @executable_path/Frameworks";
				LIBRARY_SEARCH_PATHS = "~/Library/Developer/Xcode/DerivedData/mangeMovie-awkufvygiujoxffeqvzazevwwhov/Build/Products/Debug-iphonesimulator/";
				PRODUCT_BUNDLE_IDENTIFIER = liang.com.MovieList;
				PRODUCT_NAME = "$(TARGET_NAME)";
				USER_HEADER_SEARCH_PATHS = "~/Library/Developer/Xcode/DerivedData/mangeMovie-awkufvygiujoxffeqvzazevwwhov/Build/Products/Debug-iphonesimulator/mangeMovie.framework/Headers/";
			};
			name = Release;
		};
/* End XCBuildConfiguration section */

/* Begin XCConfigurationList section */
		5FFC6EAA242A0E3200D0B27F /* Build configuration list for PBXProject "MovieList" */ = {
			isa = XCConfigurationList;
			buildConfigurations = (
				5FFC6EC4242A0E3200D0B27F /* Debug */,
				5FFC6EC5242A0E3200D0B27F /* Release */,
			);
			defaultConfigurationIsVisible = 0;
			defaultConfigurationName = Release;
		};
		5FFC6EC6242A0E3200D0B27F /* Build configuration list for PBXNativeTarget "MovieList" */ = {
			isa = XCConfigurationList;
			buildConfigurations = (
				5FFC6EC7242A0E3200D0B27F /* Debug */,
				5FFC6EC8242A0E3200D0B27F /* Release */,
			);
			defaultConfigurationIsVisible = 0;
			defaultConfigurationName = Release;
		};
/* End XCConfigurationList section */
	};
	rootObject = 5FFC6EA7242A0E3200D0B27F /* Project object */;
}
